
Microsoft Visual Studio Solution File, Format Version 12.00
# Visual Studio Version 17
VisualStudioVersion = 17.5.33530.505
MinimumVisualStudioVersion = 10.0.40219.1
Project("{FAE04EC0-301F-11D3-BF4B-00C04F79EFBC}") = "19_07_2023_task1", "19_07_2023_task1.csproj", "{B24AE5A7-FB28-434C-8C86-D454916A805D}"
EndProject
Global
	GlobalSection(SolutionConfigurationPlatforms) = preSolution
		Debug|Any CPU = Debug|Any CPU
		Release|Any CPU = Release|Any CPU
	EndGlobalSection
	GlobalSection(ProjectConfigurationPlatforms) = postSolution
		{B24AE5A7-FB28-434C-8C86-D454916A805D}.Debug|Any CPU.ActiveCfg = Debug|Any CPU
		{B24AE5A7-FB28-434C-8C86-D454916A805D}.Debug|Any CPU.Build.0 = Debug|Any CPU
		{B24AE5A7-FB28-434C-8C86-D454916A805D}.Release|Any CPU.ActiveCfg = Release|Any CPU
		{B24AE5A7-FB28-434C-8C86-D454916A805D}.Release|Any CPU.Build.0 = Release|Any CPU
	EndGlobalSection
	GlobalSection(SolutionProperties) = preSolution
		HideSolutionNode = FALSE
	EndGlobalSection
	GlobalSection(ExtensibilityGlobals) = postSolution
		SolutionGuid = {C8771698-36DE-47D2-8FC5-5B654993D601}
	EndGlobalSection
EndGlobal
